
Microsoft Visual Studio Solution File, Format Version 12.00
# Visual Studio Version 17
VisualStudioVersion = 17.9.34723.18
MinimumVisualStudioVersion = 10.0.40219.1
Project("{FAE04EC0-301F-11D3-BF4B-00C04F79EFBC}") = "hw1", "hw1\hw1.csproj", "{ACA02D4C-608B-41F0-94D8-B7086EF30FD0}"
EndProject
Global
	GlobalSection(SolutionConfigurationPlatforms) = preSolution
		Debug|Any CPU = Debug|Any CPU
		Release|Any CPU = Release|Any CPU
	EndGlobalSection
	GlobalSection(ProjectConfigurationPlatforms) = postSolution
		{ACA02D4C-608B-41F0-94D8-B7086EF30FD0}.Debug|Any CPU.ActiveCfg = Debug|Any CPU
		{ACA02D4C-608B-41F0-94D8-B7086EF30FD0}.Debug|Any CPU.Build.0 = Debug|Any CPU
		{ACA02D4C-608B-41F0-94D8-B7086EF30FD0}.Release|Any CPU.ActiveCfg = Release|Any CPU
		{ACA02D4C-608B-41F0-94D8-B7086EF30FD0}.Release|Any CPU.Build.0 = Release|Any CPU
	EndGlobalSection
	GlobalSection(SolutionProperties) = preSolution
		HideSolutionNode = FALSE
	EndGlobalSection
	GlobalSection(ExtensibilityGlobals) = postSolution
		SolutionGuid = {4041E461-9A4C-4A3E-B46C-0AAAD51190FD}
	EndGlobalSection
EndGlobal
